
Microsoft Visual Studio Solution File, Format Version 12.00
# Visual Studio Version 17
VisualStudioVersion = 17.7.34031.279
MinimumVisualStudioVersion = 10.0.40219.1
Project("{9A19103F-16F7-4668-BE54-9A1E7A4F7556}") = "PasswordManager.Persistence", "PasswordManager.Persistence\PasswordManager.Persistence.csproj", "{AF83A993-92FB-43A7-9AA8-210F7B65976B}"
EndProject
Project("{9A19103F-16F7-4668-BE54-9A1E7A4F7556}") = "Core.Persistance", "..\nArchitectureDemo\corsPackages\Core.Packages\Core.Persistance\Core.Persistance.csproj", "{E23BBAAE-416B-48B2-82EF-1CD102FE687A}"
EndProject
Project("{9A19103F-16F7-4668-BE54-9A1E7A4F7556}") = "Core.Application", "..\nArchitectureDemo\corsPackages\Core.Packages\Core.Application\Core.Application.csproj", "{24779609-49C2-4821-B71D-C414EDA859FE}"
EndProject
Project("{9A19103F-16F7-4668-BE54-9A1E7A4F7556}") = "Core.CrossCuttingConcerns", "..\nArchitectureDemo\corsPackages\Core.Packages\Core.CrossCuttingConcerns\Core.CrossCuttingConcerns.csproj", "{CE078F4B-11B1-4824-9FCC-23433B7E1CCF}"
EndProject
Project("{9A19103F-16F7-4668-BE54-9A1E7A4F7556}") = "PasswordManager.Domain", "PasswordManager.Domain\PasswordManager.Domain.csproj", "{84E79D0E-B5F1-4548-BEFB-FFC0307A5FB1}"
EndProject
Project("{9A19103F-16F7-4668-BE54-9A1E7A4F7556}") = "Core.Identity", "Core.Identity\Core.Identity.csproj", "{7CFCE547-45F9-45A0-8C20-70E299DE06D4}"
EndProject
Project("{FAE04EC0-301F-11D3-BF4B-00C04F79EFBC}") = "PasswordManager.Application", "PasswordManager.Application\PasswordManager.Application.csproj", "{0545E02E-2A2B-408F-A17B-4BF84CAB0D7C}"
EndProject
Project("{FAE04EC0-301F-11D3-BF4B-00C04F79EFBC}") = "PasswordManager.WebApi", "PasswordManager.WebApi\PasswordManager.WebApi.csproj", "{1B5B16BA-4BA8-4BB9-BC84-4EFB1F6E9A2B}"
EndProject
Global
	GlobalSection(SolutionConfigurationPlatforms) = preSolution
		Debug|Any CPU = Debug|Any CPU
		Release|Any CPU = Release|Any CPU
	EndGlobalSection
	GlobalSection(ProjectConfigurationPlatforms) = postSolution
		{AF83A993-92FB-43A7-9AA8-210F7B65976B}.Debug|Any CPU.ActiveCfg = Debug|Any CPU
		{AF83A993-92FB-43A7-9AA8-210F7B65976B}.Debug|Any CPU.Build.0 = Debug|Any CPU
		{AF83A993-92FB-43A7-9AA8-210F7B65976B}.Release|Any CPU.ActiveCfg = Release|Any CPU
		{AF83A993-92FB-43A7-9AA8-210F7B65976B}.Release|Any CPU.Build.0 = Release|Any CPU
		{E23BBAAE-416B-48B2-82EF-1CD102FE687A}.Debug|Any CPU.ActiveCfg = Debug|Any CPU
		{E23BBAAE-416B-48B2-82EF-1CD102FE687A}.Debug|Any CPU.Build.0 = Debug|Any CPU
		{E23BBAAE-416B-48B2-82EF-1CD102FE687A}.Release|Any CPU.ActiveCfg = Release|Any CPU
		{E23BBAAE-416B-48B2-82EF-1CD102FE687A}.Release|Any CPU.Build.0 = Release|Any CPU
		{24779609-49C2-4821-B71D-C414EDA859FE}.Debug|Any CPU.ActiveCfg = Debug|Any CPU
		{24779609-49C2-4821-B71D-C414EDA859FE}.Debug|Any CPU.Build.0 = Debug|Any CPU
		{24779609-49C2-4821-B71D-C414EDA859FE}.Release|Any CPU.ActiveCfg = Release|Any CPU
		{24779609-49C2-4821-B71D-C414EDA859FE}.Release|Any CPU.Build.0 = Release|Any CPU
		{CE078F4B-11B1-4824-9FCC-23433B7E1CCF}.Debug|Any CPU.ActiveCfg = Debug|Any CPU
		{CE078F4B-11B1-4824-9FCC-23433B7E1CCF}.Debug|Any CPU.Build.0 = Debug|Any CPU
		{CE078F4B-11B1-4824-9FCC-23433B7E1CCF}.Release|Any CPU.ActiveCfg = Release|Any CPU
		{CE078F4B-11B1-4824-9FCC-23433B7E1CCF}.Release|Any CPU.Build.0 = Release|Any CPU
		{84E79D0E-B5F1-4548-BEFB-FFC0307A5FB1}.Debug|Any CPU.ActiveCfg = Debug|Any CPU
		{84E79D0E-B5F1-4548-BEFB-FFC0307A5FB1}.Debug|Any CPU.Build.0 = Debug|Any CPU
		{84E79D0E-B5F1-4548-BEFB-FFC0307A5FB1}.Release|Any CPU.ActiveCfg = Release|Any CPU
		{84E79D0E-B5F1-4548-BEFB-FFC0307A5FB1}.Release|Any CPU.Build.0 = Release|Any CPU
		{7CFCE547-45F9-45A0-8C20-70E299DE06D4}.Debug|Any CPU.ActiveCfg = Debug|Any CPU
		{7CFCE547-45F9-45A0-8C20-70E299DE06D4}.Debug|Any CPU.Build.0 = Debug|Any CPU
		{7CFCE547-45F9-45A0-8C20-70E299DE06D4}.Release|Any CPU.ActiveCfg = Release|Any CPU
		{7CFCE547-45F9-45A0-8C20-70E299DE06D4}.Release|Any CPU.Build.0 = Release|Any CPU
		{0545E02E-2A2B-408F-A17B-4BF84CAB0D7C}.Debug|Any CPU.ActiveCfg = Debug|Any CPU
		{0545E02E-2A2B-408F-A17B-4BF84CAB0D7C}.Debug|Any CPU.Build.0 = Debug|Any CPU
		{0545E02E-2A2B-408F-A17B-4BF84CAB0D7C}.Release|Any CPU.ActiveCfg = Release|Any CPU
		{0545E02E-2A2B-408F-A17B-4BF84CAB0D7C}.Release|Any CPU.Build.0 = Release|Any CPU
		{1B5B16BA-4BA8-4BB9-BC84-4EFB1F6E9A2B}.Debug|Any CPU.ActiveCfg = Debug|Any CPU
		{1B5B16BA-4BA8-4BB9-BC84-4EFB1F6E9A2B}.Debug|Any CPU.Build.0 = Debug|Any CPU
		{1B5B16BA-4BA8-4BB9-BC84-4EFB1F6E9A2B}.Release|Any CPU.ActiveCfg = Release|Any CPU
		{1B5B16BA-4BA8-4BB9-BC84-4EFB1F6E9A2B}.Release|Any CPU.Build.0 = Release|Any CPU
	EndGlobalSection
	GlobalSection(SolutionProperties) = preSolution
		HideSolutionNode = FALSE
	EndGlobalSection
	GlobalSection(ExtensibilityGlobals) = postSolution
		SolutionGuid = {C40CA31A-C3FF-4567-B390-BF98A173F493}
	EndGlobalSection
EndGlobal
